
Microsoft Visual Studio Solution File, Format Version 12.00
# Visual Studio 14
VisualStudioVersion = 14.0.25420.1
MinimumVisualStudioVersion = 10.0.40219.1
Project("{2150E333-8FDC-42A3-9474-1A3956D46DE8}") = "SL4", "SL4", "{0F6DF9EE-48AB-4425-B554-10B0BA01D457}"
EndProject
Project("{2150E333-8FDC-42A3-9474-1A3956D46DE8}") = "SL5", "SL5", "{A5B13AD9-B8E7-491A-AB32-284F286705F2}"
EndProject
Project("{2150E333-8FDC-42A3-9474-1A3956D46DE8}") = "WPF", "WPF", "{DCF57090-F47C-4A2B-829D-CD66729C2F65}"
EndProject
Project("{FAE04EC0-301F-11D3-BF4B-00C04F79EFBC}") = "SilverlightPersianDatePicker", "SilverlightPersianDatePicker\SilverlightPersianDatePicker.csproj", "{FE7CD2FC-9836-4183-AE67-5224F88650B8}"
EndProject
Project("{FAE04EC0-301F-11D3-BF4B-00C04F79EFBC}") = "SilverlightPersianDatePickerUsage", "SilverlightPersianDatePickerUsage\SilverlightPersianDatePickerUsage.csproj", "{3568ADD5-1E5C-45B7-85AD-82ACA54F6E38}"
EndProject
Project("{FAE04EC0-301F-11D3-BF4B-00C04F79EFBC}") = "SilverlightPersianDatePickerUsage.Web", "SilverlightPersianDatePickerUsage.Web\SilverlightPersianDatePickerUsage.Web.csproj", "{82CF3EF8-59BF-44F6-9B3F-291C269B481E}"
EndProject
Project("{FAE04EC0-301F-11D3-BF4B-00C04F79EFBC}") = "WpfPersianDatePicker", "WpfPersianDatePicker\WpfPersianDatePicker.csproj", "{6FF02AF8-F08B-45C1-A03A-DF287E90CDD0}"
EndProject
Project("{FAE04EC0-301F-11D3-BF4B-00C04F79EFBC}") = "WpfPersianDatePickerUsage", "WpfPersianDatePickerUsage\WpfPersianDatePickerUsage.csproj", "{1DC4C26A-C94C-40D7-BADE-266220835E18}"
EndProject
Project("{FAE04EC0-301F-11D3-BF4B-00C04F79EFBC}") = "Silverlight5PersianDatePicker", "Silverlight5PersianDatePicker\Silverlight5PersianDatePicker.csproj", "{084E0E04-D466-4175-8989-D794BF19312E}"
EndProject
Project("{FAE04EC0-301F-11D3-BF4B-00C04F79EFBC}") = "Silverlight5PersianDatePicker.Web", "Silverlight5PersianDatePicker.Web\Silverlight5PersianDatePicker.Web.csproj", "{F4A01F9E-8D88-4FC0-8607-4AE238E167C6}"
EndProject
Project("{FAE04EC0-301F-11D3-BF4B-00C04F79EFBC}") = "Silverlight5PersianDatePickerUsage", "Silverlight5PersianDatePickerUsage\Silverlight5PersianDatePickerUsage.csproj", "{46B99EB8-27DE-431F-9C36-A182ECC9138D}"
EndProject
Project("{FAE04EC0-301F-11D3-BF4B-00C04F79EFBC}") = "WinFormSample", "WinFormSample\WinFormSample.csproj", "{96BD4686-0B84-46D3-AA11-F311EE10A726}"
EndProject
Project("{FAE04EC0-301F-11D3-BF4B-00C04F79EFBC}") = "Wpf45Application", "Wpf45Application\Wpf45Application.csproj", "{25E67027-C66B-497C-A28F-692683FCBC06}"
EndProject
Project("{2150E333-8FDC-42A3-9474-1A3956D46DE8}") = "Solution Items", "Solution Items", "{BD6968C3-D532-4448-B21D-827008672AE9}"
	ProjectSection(SolutionItems) = preProject
		LICENSE.md = LICENSE.md
		README.md = README.md
	EndProjectSection
EndProject
Global
	GlobalSection(SolutionConfigurationPlatforms) = preSolution
		Debug|Any CPU = Debug|Any CPU
		Debug|Mixed Platforms = Debug|Mixed Platforms
		Debug|x86 = Debug|x86
		Release|Any CPU = Release|Any CPU
		Release|Mixed Platforms = Release|Mixed Platforms
		Release|x86 = Release|x86
	EndGlobalSection
	GlobalSection(ProjectConfigurationPlatforms) = postSolution
		{FE7CD2FC-9836-4183-AE67-5224F88650B8}.Debug|Any CPU.ActiveCfg = Debug|Any CPU
		{FE7CD2FC-9836-4183-AE67-5224F88650B8}.Debug|Any CPU.Build.0 = Debug|Any CPU
		{FE7CD2FC-9836-4183-AE67-5224F88650B8}.Debug|Mixed Platforms.ActiveCfg = Debug|Any CPU
		{FE7CD2FC-9836-4183-AE67-5224F88650B8}.Debug|Mixed Platforms.Build.0 = Debug|Any CPU
		{FE7CD2FC-9836-4183-AE67-5224F88650B8}.Debug|x86.ActiveCfg = Debug|Any CPU
		{FE7CD2FC-9836-4183-AE67-5224F88650B8}.Release|Any CPU.ActiveCfg = Release|Any CPU
		{FE7CD2FC-9836-4183-AE67-5224F88650B8}.Release|Any CPU.Build.0 = Release|Any CPU
		{FE7CD2FC-9836-4183-AE67-5224F88650B8}.Release|Mixed Platforms.ActiveCfg = Release|Any CPU
		{FE7CD2FC-9836-4183-AE67-5224F88650B8}.Release|Mixed Platforms.Build.0 = Release|Any CPU
		{FE7CD2FC-9836-4183-AE67-5224F88650B8}.Release|x86.ActiveCfg = Release|Any CPU
		{3568ADD5-1E5C-45B7-85AD-82ACA54F6E38}.Debug|Any CPU.ActiveCfg = Debug|Any CPU
		{3568ADD5-1E5C-45B7-85AD-82ACA54F6E38}.Debug|Any CPU.Build.0 = Debug|Any CPU
		{3568ADD5-1E5C-45B7-85AD-82ACA54F6E38}.Debug|Mixed Platforms.ActiveCfg = Debug|Any CPU
		{3568ADD5-1E5C-45B7-85AD-82ACA54F6E38}.Debug|Mixed Platforms.Build.0 = Debug|Any CPU
		{3568ADD5-1E5C-45B7-85AD-82ACA54F6E38}.Debug|x86.ActiveCfg = Debug|Any CPU
		{3568ADD5-1E5C-45B7-85AD-82ACA54F6E38}.Release|Any CPU.ActiveCfg = Release|Any CPU
		{3568ADD5-1E5C-45B7-85AD-82ACA54F6E38}.Release|Any CPU.Build.0 = Release|Any CPU
		{3568ADD5-1E5C-45B7-85AD-82ACA54F6E38}.Release|Mixed Platforms.ActiveCfg = Release|Any CPU
		{3568ADD5-1E5C-45B7-85AD-82ACA54F6E38}.Release|Mixed Platforms.Build.0 = Release|Any CPU
		{3568ADD5-1E5C-45B7-85AD-82ACA54F6E38}.Release|x86.ActiveCfg = Release|Any CPU
		{82CF3EF8-59BF-44F6-9B3F-291C269B481E}.Debug|Any CPU.ActiveCfg = Debug|Any CPU
		{82CF3EF8-59BF-44F6-9B3F-291C269B481E}.Debug|Any CPU.Build.0 = Debug|Any CPU
		{82CF3EF8-59BF-44F6-9B3F-291C269B481E}.Debug|Mixed Platforms.ActiveCfg = Debug|Any CPU
		{82CF3EF8-59BF-44F6-9B3F-291C269B481E}.Debug|Mixed Platforms.Build.0 = Debug|Any CPU
		{82CF3EF8-59BF-44F6-9B3F-291C269B481E}.Debug|x86.ActiveCfg = Debug|Any CPU
		{82CF3EF8-59BF-44F6-9B3F-291C269B481E}.Release|Any CPU.ActiveCfg = Release|Any CPU
		{82CF3EF8-59BF-44F6-9B3F-291C269B481E}.Release|Any CPU.Build.0 = Release|Any CPU
		{82CF3EF8-59BF-44F6-9B3F-291C269B481E}.Release|Mixed Platforms.ActiveCfg = Release|Any CPU
		{82CF3EF8-59BF-44F6-9B3F-291C269B481E}.Release|Mixed Platforms.Build.0 = Release|Any CPU
		{82CF3EF8-59BF-44F6-9B3F-291C269B481E}.Release|x86.ActiveCfg = Release|Any CPU
		{6FF02AF8-F08B-45C1-A03A-DF287E90CDD0}.Debug|Any CPU.ActiveCfg = Debug|Any CPU
		{6FF02AF8-F08B-45C1-A03A-DF287E90CDD0}.Debug|Any CPU.Build.0 = Debug|Any CPU
		{6FF02AF8-F08B-45C1-A03A-DF287E90CDD0}.Debug|Mixed Platforms.ActiveCfg = Debug|Any CPU
		{6FF02AF8-F08B-45C1-A03A-DF287E90CDD0}.Debug|Mixed Platforms.Build.0 = Debug|Any CPU
		{6FF02AF8-F08B-45C1-A03A-DF287E90CDD0}.Debug|x86.ActiveCfg = Debug|Any CPU
		{6FF02AF8-F08B-45C1-A03A-DF287E90CDD0}.Release|Any CPU.ActiveCfg = Release|Any CPU
		{6FF02AF8-F08B-45C1-A03A-DF287E90CDD0}.Release|Any CPU.Build.0 = Release|Any CPU
		{6FF02AF8-F08B-45C1-A03A-DF287E90CDD0}.Release|Mixed Platforms.ActiveCfg = Release|Any CPU
		{6FF02AF8-F08B-45C1-A03A-DF287E90CDD0}.Release|Mixed Platforms.Build.0 = Release|Any CPU
		{6FF02AF8-F08B-45C1-A03A-DF287E90CDD0}.Release|x86.ActiveCfg = Release|Any CPU
		{1DC4C26A-C94C-40D7-BADE-266220835E18}.Debug|Any CPU.ActiveCfg = Debug|Any CPU
		{1DC4C26A-C94C-40D7-BADE-266220835E18}.Debug|Any CPU.Build.0 = Debug|Any CPU
		{1DC4C26A-C94C-40D7-BADE-266220835E18}.Debug|Mixed Platforms.ActiveCfg = Debug|Any CPU
		{1DC4C26A-C94C-40D7-BADE-266220835E18}.Debug|Mixed Platforms.Build.0 = Debug|Any CPU
		{1DC4C26A-C94C-40D7-BADE-266220835E18}.Debug|x86.ActiveCfg = Debug|Any CPU
		{1DC4C26A-C94C-40D7-BADE-266220835E18}.Release|Any CPU.ActiveCfg = Release|Any CPU
		{1DC4C26A-C94C-40D7-BADE-266220835E18}.Release|Any CPU.Build.0 = Release|Any CPU
		{1DC4C26A-C94C-40D7-BADE-266220835E18}.Release|Mixed Platforms.ActiveCfg = Release|Any CPU
		{1DC4C26A-C94C-40D7-BADE-266220835E18}.Release|Mixed Platforms.Build.0 = Release|Any CPU
		{1DC4C26A-C94C-40D7-BADE-266220835E18}.Release|x86.ActiveCfg = Release|Any CPU
		{084E0E04-D466-4175-8989-D794BF19312E}.Debug|Any CPU.ActiveCfg = Debug|Any CPU
		{084E0E04-D466-4175-8989-D794BF19312E}.Debug|Any CPU.Build.0 = Debug|Any CPU
		{084E0E04-D466-4175-8989-D794BF19312E}.Debug|Mixed Platforms.ActiveCfg = Debug|Any CPU
		{084E0E04-D466-4175-8989-D794BF19312E}.Debug|Mixed Platforms.Build.0 = Debug|Any CPU
		{084E0E04-D466-4175-8989-D794BF19312E}.Debug|x86.ActiveCfg = Debug|Any CPU
		{084E0E04-D466-4175-8989-D794BF19312E}.Release|Any CPU.ActiveCfg = Release|Any CPU
		{084E0E04-D466-4175-8989-D794BF19312E}.Release|Any CPU.Build.0 = Release|Any CPU
		{084E0E04-D466-4175-8989-D794BF19312E}.Release|Mixed Platforms.ActiveCfg = Release|Any CPU
		{084E0E04-D466-4175-8989-D794BF19312E}.Release|Mixed Platforms.Build.0 = Release|Any CPU
		{084E0E04-D466-4175-8989-D794BF19312E}.Release|x86.ActiveCfg = Release|Any CPU
		{F4A01F9E-8D88-4FC0-8607-4AE238E167C6}.Debug|Any CPU.ActiveCfg = Debug|Any CPU
		{F4A01F9E-8D88-4FC0-8607-4AE238E167C6}.Debug|Any CPU.Build.0 = Debug|Any CPU
		{F4A01F9E-8D88-4FC0-8607-4AE238E167C6}.Debug|Mixed Platforms.ActiveCfg = Debug|Any CPU
		{F4A01F9E-8D88-4FC0-8607-4AE238E167C6}.Debug|Mixed Platforms.Build.0 = Debug|Any CPU
		{F4A01F9E-8D88-4FC0-8607-4AE238E167C6}.Debug|x86.ActiveCfg = Debug|Any CPU
		{F4A01F9E-8D88-4FC0-8607-4AE238E167C6}.Release|Any CPU.ActiveCfg = Release|Any CPU
		{F4A01F9E-8D88-4FC0-8607-4AE238E167C6}.Release|Any CPU.Build.0 = Release|Any CPU
		{F4A01F9E-8D88-4FC0-8607-4AE238E167C6}.Release|Mixed Platforms.ActiveCfg = Release|Any CPU
		{F4A01F9E-8D88-4FC0-8607-4AE238E167C6}.Release|Mixed Platforms.Build.0 = Release|Any CPU
		{F4A01F9E-8D88-4FC0-8607-4AE238E167C6}.Release|x86.ActiveCfg = Release|Any CPU
		{46B99EB8-27DE-431F-9C36-A182ECC9138D}.Debug|Any CPU.ActiveCfg = Debug|Any CPU
		{46B99EB8-27DE-431F-9C36-A182ECC9138D}.Debug|Any CPU.Build.0 = Debug|Any CPU
		{46B99EB8-27DE-431F-9C36-A182ECC9138D}.Debug|Mixed Platforms.ActiveCfg = Debug|Any CPU
		{46B99EB8-27DE-431F-9C36-A182ECC9138D}.Debug|Mixed Platforms.Build.0 = Debug|Any CPU
		{46B99EB8-27DE-431F-9C36-A182ECC9138D}.Debug|x86.ActiveCfg = Debug|Any CPU
		{46B99EB8-27DE-431F-9C36-A182ECC9138D}.Release|Any CPU.ActiveCfg = Release|Any CPU
		{46B99EB8-27DE-431F-9C36-A182ECC9138D}.Release|Any CPU.Build.0 = Release|Any CPU
		{46B99EB8-27DE-431F-9C36-A182ECC9138D}.Release|Mixed Platforms.ActiveCfg = Release|Any CPU
		{46B99EB8-27DE-431F-9C36-A182ECC9138D}.Release|Mixed Platforms.Build.0 = Release|Any CPU
		{46B99EB8-27DE-431F-9C36-A182ECC9138D}.Release|x86.ActiveCfg = Release|Any CPU
		{96BD4686-0B84-46D3-AA11-F311EE10A726}.Debug|Any CPU.ActiveCfg = Debug|x86
		{96BD4686-0B84-46D3-AA11-F311EE10A726}.Debug|Mixed Platforms.ActiveCfg = Debug|x86
		{96BD4686-0B84-46D3-AA11-F311EE10A726}.Debug|Mixed Platforms.Build.0 = Debug|x86
		{96BD4686-0B84-46D3-AA11-F311EE10A726}.Debug|x86.ActiveCfg = Debug|x86
		{96BD4686-0B84-46D3-AA11-F311EE10A726}.Debug|x86.Build.0 = Debug|x86
		{96BD4686-0B84-46D3-AA11-F311EE10A726}.Release|Any CPU.ActiveCfg = Release|x86
		{96BD4686-0B84-46D3-AA11-F311EE10A726}.Release|Mixed Platforms.ActiveCfg = Release|x86
		{96BD4686-0B84-46D3-AA11-F311EE10A726}.Release|Mixed Platforms.Build.0 = Release|x86
		{96BD4686-0B84-46D3-AA11-F311EE10A726}.Release|x86.ActiveCfg = Release|x86
		{96BD4686-0B84-46D3-AA11-F311EE10A726}.Release|x86.Build.0 = Release|x86
		{25E67027-C66B-497C-A28F-692683FCBC06}.Debug|Any CPU.ActiveCfg = Debug|Any CPU
		{25E67027-C66B-497C-A28F-692683FCBC06}.Debug|Any CPU.Build.0 = Debug|Any CPU
		{25E67027-C66B-497C-A28F-692683FCBC06}.Debug|Mixed Platforms.ActiveCfg = Debug|Any CPU
		{25E67027-C66B-497C-A28F-692683FCBC06}.Debug|Mixed Platforms.Build.0 = Debug|Any CPU
		{25E67027-C66B-497C-A28F-692683FCBC06}.Debug|x86.ActiveCfg = Debug|Any CPU
		{25E67027-C66B-497C-A28F-692683FCBC06}.Release|Any CPU.ActiveCfg = Release|Any CPU
		{25E67027-C66B-497C-A28F-692683FCBC06}.Release|Any CPU.Build.0 = Release|Any CPU
		{25E67027-C66B-497C-A28F-692683FCBC06}.Release|Mixed Platforms.ActiveCfg = Release|Any CPU
		{25E67027-C66B-497C-A28F-692683FCBC06}.Release|Mixed Platforms.Build.0 = Release|Any CPU
		{25E67027-C66B-497C-A28F-692683FCBC06}.Release|x86.ActiveCfg = Release|Any CPU
	EndGlobalSection
	GlobalSection(SolutionProperties) = preSolution
		HideSolutionNode = FALSE
	EndGlobalSection
	GlobalSection(NestedProjects) = preSolution
		{FE7CD2FC-9836-4183-AE67-5224F88650B8} = {0F6DF9EE-48AB-4425-B554-10B0BA01D457}
		{3568ADD5-1E5C-45B7-85AD-82ACA54F6E38} = {0F6DF9EE-48AB-4425-B554-10B0BA01D457}
		{82CF3EF8-59BF-44F6-9B3F-291C269B481E} = {0F6DF9EE-48AB-4425-B554-10B0BA01D457}
		{6FF02AF8-F08B-45C1-A03A-DF287E90CDD0} = {DCF57090-F47C-4A2B-829D-CD66729C2F65}
		{1DC4C26A-C94C-40D7-BADE-266220835E18} = {DCF57090-F47C-4A2B-829D-CD66729C2F65}
		{084E0E04-D466-4175-8989-D794BF19312E} = {A5B13AD9-B8E7-491A-AB32-284F286705F2}
		{F4A01F9E-8D88-4FC0-8607-4AE238E167C6} = {A5B13AD9-B8E7-491A-AB32-284F286705F2}
		{46B99EB8-27DE-431F-9C36-A182ECC9138D} = {A5B13AD9-B8E7-491A-AB32-284F286705F2}
		{96BD4686-0B84-46D3-AA11-F311EE10A726} = {DCF57090-F47C-4A2B-829D-CD66729C2F65}
		{25E67027-C66B-497C-A28F-692683FCBC06} = {DCF57090-F47C-4A2B-829D-CD66729C2F65}
	EndGlobalSection
	GlobalSection(ExtensibilityGlobals) = postSolution
		VisualSVNWorkingCopyRoot = .
	EndGlobalSection
EndGlobal
